
Microsoft Visual Studio Solution File, Format Version 12.00
# Visual Studio 15
VisualStudioVersion = 15.0.33919.361
MinimumVisualStudioVersion = 10.0.40219.1
Project("{8BC9CEB8-8B4A-11D0-8D11-00A0C91BC942}") = "2023.09.21-Task1", "2023.09.21-Task1\2023.09.21-Task1.vcxproj", "{36F886D2-4C4F-4A09-9294-EFBE0BE0C961}"
EndProject
Project("{8BC9CEB8-8B4A-11D0-8D11-00A0C91BC942}") = "2023.09.21-Task2", "2023.09.21-Task2\2023.09.21-Task2.vcxproj", "{14C59217-0872-4AA0-BDF7-C9E0B16F75DF}"
EndProject
Project("{8BC9CEB8-8B4A-11D0-8D11-00A0C91BC942}") = "2023.09.22-Task3", "2023.09.22-Task3\2023.09.22-Task3.vcxproj", "{D319A1C6-36A9-43FB-B389-8CEDECA9CBE1}"
EndProject
Project("{8BC9CEB8-8B4A-11D0-8D11-00A0C91BC942}") = "2023.09.22-Task4", "2023.09.22-Task4\2023.09.22-Task4.vcxproj", "{99ADC177-4F3A-40A8-B3BE-1E987B98FCC3}"
EndProject
Project("{8BC9CEB8-8B4A-11D0-8D11-00A0C91BC942}") = "2023.09.22-Task5", "2023.09.22-Task5\2023.09.22-Task5.vcxproj", "{CFF87CC8-BEBD-471D-8D57-A1B98788C616}"
EndProject
Project("{8BC9CEB8-8B4A-11D0-8D11-00A0C91BC942}") = "2023.09.23-Task6", "2023.09.23-Task6\2023.09.23-Task6.vcxproj", "{FBB3C1C8-3CEC-4F80-B3DC-37CC32A84253}"
EndProject
Project("{8BC9CEB8-8B4A-11D0-8D11-00A0C91BC942}") = "2023.09.23-Task7", "2023.09.23-Task7\2023.09.23-Task7.vcxproj", "{FDF6B7EE-620D-4D10-B0C2-EAC17F6FBC33}"
EndProject
Project("{8BC9CEB8-8B4A-11D0-8D11-00A0C91BC942}") = "2023.09.23-Task8", "2023.09.23-Task8\2023.09.23-Task8.vcxproj", "{957A0B9C-5728-469D-9140-1E5D4712373C}"
EndProject
Global
	GlobalSection(SolutionConfigurationPlatforms) = preSolution
		Debug|x64 = Debug|x64
		Debug|x86 = Debug|x86
		Release|x64 = Release|x64
		Release|x86 = Release|x86
	EndGlobalSection
	GlobalSection(ProjectConfigurationPlatforms) = postSolution
		{36F886D2-4C4F-4A09-9294-EFBE0BE0C961}.Debug|x64.ActiveCfg = Debug|x64
		{36F886D2-4C4F-4A09-9294-EFBE0BE0C961}.Debug|x64.Build.0 = Debug|x64
		{36F886D2-4C4F-4A09-9294-EFBE0BE0C961}.Debug|x86.ActiveCfg = Debug|Win32
		{36F886D2-4C4F-4A09-9294-EFBE0BE0C961}.Debug|x86.Build.0 = Debug|Win32
		{36F886D2-4C4F-4A09-9294-EFBE0BE0C961}.Release|x64.ActiveCfg = Release|x64
		{36F886D2-4C4F-4A09-9294-EFBE0BE0C961}.Release|x64.Build.0 = Release|x64
		{36F886D2-4C4F-4A09-9294-EFBE0BE0C961}.Release|x86.ActiveCfg = Release|Win32
		{36F886D2-4C4F-4A09-9294-EFBE0BE0C961}.Release|x86.Build.0 = Release|Win32
		{14C59217-0872-4AA0-BDF7-C9E0B16F75DF}.Debug|x64.ActiveCfg = Debug|x64
		{14C59217-0872-4AA0-BDF7-C9E0B16F75DF}.Debug|x64.Build.0 = Debug|x64
		{14C59217-0872-4AA0-BDF7-C9E0B16F75DF}.Debug|x86.ActiveCfg = Debug|Win32
		{14C59217-0872-4AA0-BDF7-C9E0B16F75DF}.Debug|x86.Build.0 = Debug|Win32
		{14C59217-0872-4AA0-BDF7-C9E0B16F75DF}.Release|x64.ActiveCfg = Release|x64
		{14C59217-0872-4AA0-BDF7-C9E0B16F75DF}.Release|x64.Build.0 = Release|x64
		{14C59217-0872-4AA0-BDF7-C9E0B16F75DF}.Release|x86.ActiveCfg = Release|Win32
		{14C59217-0872-4AA0-BDF7-C9E0B16F75DF}.Release|x86.Build.0 = Release|Win32
		{D319A1C6-36A9-43FB-B389-8CEDECA9CBE1}.Debug|x64.ActiveCfg = Debug|x64
		{D319A1C6-36A9-43FB-B389-8CEDECA9CBE1}.Debug|x64.Build.0 = Debug|x64
		{D319A1C6-36A9-43FB-B389-8CEDECA9CBE1}.Debug|x86.ActiveCfg = Debug|Win32
		{D319A1C6-36A9-43FB-B389-8CEDECA9CBE1}.Debug|x86.Build.0 = Debug|Win32
		{D319A1C6-36A9-43FB-B389-8CEDECA9CBE1}.Release|x64.ActiveCfg = Release|x64
		{D319A1C6-36A9-43FB-B389-8CEDECA9CBE1}.Release|x64.Build.0 = Release|x64
		{D319A1C6-36A9-43FB-B389-8CEDECA9CBE1}.Release|x86.ActiveCfg = Release|Win32
		{D319A1C6-36A9-43FB-B389-8CEDECA9CBE1}.Release|x86.Build.0 = Release|Win32
		{99ADC177-4F3A-40A8-B3BE-1E987B98FCC3}.Debug|x64.ActiveCfg = Debug|x64
		{99ADC177-4F3A-40A8-B3BE-1E987B98FCC3}.Debug|x64.Build.0 = Debug|x64
		{99ADC177-4F3A-40A8-B3BE-1E987B98FCC3}.Debug|x86.ActiveCfg = Debug|Win32
		{99ADC177-4F3A-40A8-B3BE-1E987B98FCC3}.Debug|x86.Build.0 = Debug|Win32
		{99ADC177-4F3A-40A8-B3BE-1E987B98FCC3}.Release|x64.ActiveCfg = Release|x64
		{99ADC177-4F3A-40A8-B3BE-1E987B98FCC3}.Release|x64.Build.0 = Release|x64
		{99ADC177-4F3A-40A8-B3BE-1E987B98FCC3}.Release|x86.ActiveCfg = Release|Win32
		{99ADC177-4F3A-40A8-B3BE-1E987B98FCC3}.Release|x86.Build.0 = Release|Win32
		{CFF87CC8-BEBD-471D-8D57-A1B98788C616}.Debug|x64.ActiveCfg = Debug|x64
		{CFF87CC8-BEBD-471D-8D57-A1B98788C616}.Debug|x64.Build.0 = Debug|x64
		{CFF87CC8-BEBD-471D-8D57-A1B98788C616}.Debug|x86.ActiveCfg = Debug|Win32
		{CFF87CC8-BEBD-471D-8D57-A1B98788C616}.Debug|x86.Build.0 = Debug|Win32
		{CFF87CC8-BEBD-471D-8D57-A1B98788C616}.Release|x64.ActiveCfg = Release|x64
		{CFF87CC8-BEBD-471D-8D57-A1B98788C616}.Release|x64.Build.0 = Release|x64
		{CFF87CC8-BEBD-471D-8D57-A1B98788C616}.Release|x86.ActiveCfg = Release|Win32
		{CFF87CC8-BEBD-471D-8D57-A1B98788C616}.Release|x86.Build.0 = Release|Win32
		{FBB3C1C8-3CEC-4F80-B3DC-37CC32A84253}.Debug|x64.ActiveCfg = Debug|x64
		{FBB3C1C8-3CEC-4F80-B3DC-37CC32A84253}.Debug|x64.Build.0 = Debug|x64
		{FBB3C1C8-3CEC-4F80-B3DC-37CC32A84253}.Debug|x86.ActiveCfg = Debug|Win32
		{FBB3C1C8-3CEC-4F80-B3DC-37CC32A84253}.Debug|x86.Build.0 = Debug|Win32
		{FBB3C1C8-3CEC-4F80-B3DC-37CC32A84253}.Release|x64.ActiveCfg = Release|x64
		{FBB3C1C8-3CEC-4F80-B3DC-37CC32A84253}.Release|x64.Build.0 = Release|x64
		{FBB3C1C8-3CEC-4F80-B3DC-37CC32A84253}.Release|x86.ActiveCfg = Release|Win32
		{FBB3C1C8-3CEC-4F80-B3DC-37CC32A84253}.Release|x86.Build.0 = Release|Win32
		{FDF6B7EE-620D-4D10-B0C2-EAC17F6FBC33}.Debug|x64.ActiveCfg = Debug|x64
		{FDF6B7EE-620D-4D10-B0C2-EAC17F6FBC33}.Debug|x64.Build.0 = Debug|x64
		{FDF6B7EE-620D-4D10-B0C2-EAC17F6FBC33}.Debug|x86.ActiveCfg = Debug|Win32
		{FDF6B7EE-620D-4D10-B0C2-EAC17F6FBC33}.Debug|x86.Build.0 = Debug|Win32
		{FDF6B7EE-620D-4D10-B0C2-EAC17F6FBC33}.Release|x64.ActiveCfg = Release|x64
		{FDF6B7EE-620D-4D10-B0C2-EAC17F6FBC33}.Release|x64.Build.0 = Release|x64
		{FDF6B7EE-620D-4D10-B0C2-EAC17F6FBC33}.Release|x86.ActiveCfg = Release|Win32
		{FDF6B7EE-620D-4D10-B0C2-EAC17F6FBC33}.Release|x86.Build.0 = Release|Win32
		{957A0B9C-5728-469D-9140-1E5D4712373C}.Debug|x64.ActiveCfg = Debug|x64
		{957A0B9C-5728-469D-9140-1E5D4712373C}.Debug|x64.Build.0 = Debug|x64
		{957A0B9C-5728-469D-9140-1E5D4712373C}.Debug|x86.ActiveCfg = Debug|Win32
		{957A0B9C-5728-469D-9140-1E5D4712373C}.Debug|x86.Build.0 = Debug|Win32
		{957A0B9C-5728-469D-9140-1E5D4712373C}.Release|x64.ActiveCfg = Release|x64
		{957A0B9C-5728-469D-9140-1E5D4712373C}.Release|x64.Build.0 = Release|x64
		{957A0B9C-5728-469D-9140-1E5D4712373C}.Release|x86.ActiveCfg = Release|Win32
		{957A0B9C-5728-469D-9140-1E5D4712373C}.Release|x86.Build.0 = Release|Win32
	EndGlobalSection
	GlobalSection(SolutionProperties) = preSolution
		HideSolutionNode = FALSE
	EndGlobalSection
	GlobalSection(ExtensibilityGlobals) = postSolution
		SolutionGuid = {274C1B00-C781-4F24-B121-F43C9B87ADC2}
	EndGlobalSection
EndGlobal
