
Microsoft Visual Studio Solution File, Format Version 12.00
# Visual Studio Version 17
VisualStudioVersion = 17.0.31919.166
MinimumVisualStudioVersion = 10.0.40219.1
Project("{8BC9CEB8-8B4A-11D0-8D11-00A0C91BC942}") = "2023.11.23-Lesson6", "2023.11.23-Lesson6.vcxproj", "{33E0ABD5-9647-4597-815F-42FCDF6359AC}"
EndProject
Global
	GlobalSection(SolutionConfigurationPlatforms) = preSolution
		Debug|x64 = Debug|x64
		Debug|x86 = Debug|x86
		Release|x64 = Release|x64
		Release|x86 = Release|x86
	EndGlobalSection
	GlobalSection(ProjectConfigurationPlatforms) = postSolution
		{33E0ABD5-9647-4597-815F-42FCDF6359AC}.Debug|x64.ActiveCfg = Debug|x64
		{33E0ABD5-9647-4597-815F-42FCDF6359AC}.Debug|x64.Build.0 = Debug|x64
		{33E0ABD5-9647-4597-815F-42FCDF6359AC}.Debug|x86.ActiveCfg = Debug|Win32
		{33E0ABD5-9647-4597-815F-42FCDF6359AC}.Debug|x86.Build.0 = Debug|Win32
		{33E0ABD5-9647-4597-815F-42FCDF6359AC}.Release|x64.ActiveCfg = Release|x64
		{33E0ABD5-9647-4597-815F-42FCDF6359AC}.Release|x64.Build.0 = Release|x64
		{33E0ABD5-9647-4597-815F-42FCDF6359AC}.Release|x86.ActiveCfg = Release|Win32
		{33E0ABD5-9647-4597-815F-42FCDF6359AC}.Release|x86.Build.0 = Release|Win32
	EndGlobalSection
	GlobalSection(SolutionProperties) = preSolution
		HideSolutionNode = FALSE
	EndGlobalSection
	GlobalSection(ExtensibilityGlobals) = postSolution
		SolutionGuid = {6C9B77BC-AFB8-4835-9EF4-764ED00E096D}
	EndGlobalSection
EndGlobal
