
Microsoft Visual Studio Solution File, Format Version 12.00
# Visual Studio Version 17
VisualStudioVersion = 17.0.31919.166
MinimumVisualStudioVersion = 10.0.40219.1
Project("{8BC9CEB8-8B4A-11D0-8D11-00A0C91BC942}") = "2023.12.12-Lesson7", "2023.12.12-Lesson7.vcxproj", "{14EBBA90-A022-4EAB-BD5D-6D3BF8B51BE5}"
EndProject
Global
	GlobalSection(SolutionConfigurationPlatforms) = preSolution
		Debug|x64 = Debug|x64
		Debug|x86 = Debug|x86
		Release|x64 = Release|x64
		Release|x86 = Release|x86
	EndGlobalSection
	GlobalSection(ProjectConfigurationPlatforms) = postSolution
		{14EBBA90-A022-4EAB-BD5D-6D3BF8B51BE5}.Debug|x64.ActiveCfg = Debug|x64
		{14EBBA90-A022-4EAB-BD5D-6D3BF8B51BE5}.Debug|x64.Build.0 = Debug|x64
		{14EBBA90-A022-4EAB-BD5D-6D3BF8B51BE5}.Debug|x86.ActiveCfg = Debug|Win32
		{14EBBA90-A022-4EAB-BD5D-6D3BF8B51BE5}.Debug|x86.Build.0 = Debug|Win32
		{14EBBA90-A022-4EAB-BD5D-6D3BF8B51BE5}.Release|x64.ActiveCfg = Release|x64
		{14EBBA90-A022-4EAB-BD5D-6D3BF8B51BE5}.Release|x64.Build.0 = Release|x64
		{14EBBA90-A022-4EAB-BD5D-6D3BF8B51BE5}.Release|x86.ActiveCfg = Release|Win32
		{14EBBA90-A022-4EAB-BD5D-6D3BF8B51BE5}.Release|x86.Build.0 = Release|Win32
	EndGlobalSection
	GlobalSection(SolutionProperties) = preSolution
		HideSolutionNode = FALSE
	EndGlobalSection
	GlobalSection(ExtensibilityGlobals) = postSolution
		SolutionGuid = {D1DC8235-8BB9-4F8F-B062-C0C9E19AAB1A}
	EndGlobalSection
EndGlobal
