
Microsoft Visual Studio Solution File, Format Version 12.00
# Visual Studio 15
VisualStudioVersion = 15.0.33919.361
MinimumVisualStudioVersion = 10.0.40219.1
Project("{8BC9CEB8-8B4A-11D0-8D11-00A0C91BC942}") = "2023.09.30-Task1", "2023.09.30-Task1\2023.09.30-Task1.vcxproj", "{A3B03DE2-23B7-437A-8CE5-58631BCB15A8}"
EndProject
Project("{8BC9CEB8-8B4A-11D0-8D11-00A0C91BC942}") = "2023.09.30-Task2", "2023.09.30-Task2\2023.09.30-Task2.vcxproj", "{3F6A6A26-22C8-4696-91D1-901C53F6AF40}"
EndProject
Project("{8BC9CEB8-8B4A-11D0-8D11-00A0C91BC942}") = "2023.09.30-Task3", "2023.09.30-Task3\2023.09.30-Task3.vcxproj", "{81A1B211-8AB4-4E31-88BE-0F8E7D04ECBF}"
EndProject
Project("{8BC9CEB8-8B4A-11D0-8D11-00A0C91BC942}") = "2023.09.30-Task4", "2023.09.30-Task4\2023.09.30-Task4.vcxproj", "{9EE1D676-50E9-423E-8A4E-9E186A0BD182}"
EndProject
Project("{8BC9CEB8-8B4A-11D0-8D11-00A0C91BC942}") = "2023.09.30-Task5", "2023.09.30-Task5\2023.09.30-Task5.vcxproj", "{3105B038-FA01-4826-8059-06BB687856AD}"
EndProject
Project("{8BC9CEB8-8B4A-11D0-8D11-00A0C91BC942}") = "2023.09.30-Task6", "2023.09.30-Task6\2023.09.30-Task6.vcxproj", "{A7F4A7A7-B2E7-4E2C-A015-251924D9DCED}"
EndProject
Project("{8BC9CEB8-8B4A-11D0-8D11-00A0C91BC942}") = "2023.09.30-Task7", "2023.09.30-Task7\2023.09.30-Task7.vcxproj", "{CB0B7C48-F22C-4E09-A786-0CF50CAEA0B5}"
EndProject
Project("{8BC9CEB8-8B4A-11D0-8D11-00A0C91BC942}") = "2023.09.30-Task8", "2023.09.30-Task8\2023.09.30-Task8.vcxproj", "{2EA4D8F5-400A-44D4-82B2-EB5697B35A6A}"
EndProject
Project("{8BC9CEB8-8B4A-11D0-8D11-00A0C91BC942}") = "2023.09.30-Task9", "2023.09.30-Task9\2023.09.30-Task9.vcxproj", "{92D4DDC7-5537-46CE-9B84-D8FE833D142F}"
EndProject
Global
	GlobalSection(SolutionConfigurationPlatforms) = preSolution
		Debug|x64 = Debug|x64
		Debug|x86 = Debug|x86
		Release|x64 = Release|x64
		Release|x86 = Release|x86
	EndGlobalSection
	GlobalSection(ProjectConfigurationPlatforms) = postSolution
		{A3B03DE2-23B7-437A-8CE5-58631BCB15A8}.Debug|x64.ActiveCfg = Debug|x64
		{A3B03DE2-23B7-437A-8CE5-58631BCB15A8}.Debug|x64.Build.0 = Debug|x64
		{A3B03DE2-23B7-437A-8CE5-58631BCB15A8}.Debug|x86.ActiveCfg = Debug|Win32
		{A3B03DE2-23B7-437A-8CE5-58631BCB15A8}.Debug|x86.Build.0 = Debug|Win32
		{A3B03DE2-23B7-437A-8CE5-58631BCB15A8}.Release|x64.ActiveCfg = Release|x64
		{A3B03DE2-23B7-437A-8CE5-58631BCB15A8}.Release|x64.Build.0 = Release|x64
		{A3B03DE2-23B7-437A-8CE5-58631BCB15A8}.Release|x86.ActiveCfg = Release|Win32
		{A3B03DE2-23B7-437A-8CE5-58631BCB15A8}.Release|x86.Build.0 = Release|Win32
		{3F6A6A26-22C8-4696-91D1-901C53F6AF40}.Debug|x64.ActiveCfg = Debug|x64
		{3F6A6A26-22C8-4696-91D1-901C53F6AF40}.Debug|x64.Build.0 = Debug|x64
		{3F6A6A26-22C8-4696-91D1-901C53F6AF40}.Debug|x86.ActiveCfg = Debug|Win32
		{3F6A6A26-22C8-4696-91D1-901C53F6AF40}.Debug|x86.Build.0 = Debug|Win32
		{3F6A6A26-22C8-4696-91D1-901C53F6AF40}.Release|x64.ActiveCfg = Release|x64
		{3F6A6A26-22C8-4696-91D1-901C53F6AF40}.Release|x64.Build.0 = Release|x64
		{3F6A6A26-22C8-4696-91D1-901C53F6AF40}.Release|x86.ActiveCfg = Release|Win32
		{3F6A6A26-22C8-4696-91D1-901C53F6AF40}.Release|x86.Build.0 = Release|Win32
		{81A1B211-8AB4-4E31-88BE-0F8E7D04ECBF}.Debug|x64.ActiveCfg = Debug|x64
		{81A1B211-8AB4-4E31-88BE-0F8E7D04ECBF}.Debug|x64.Build.0 = Debug|x64
		{81A1B211-8AB4-4E31-88BE-0F8E7D04ECBF}.Debug|x86.ActiveCfg = Debug|Win32
		{81A1B211-8AB4-4E31-88BE-0F8E7D04ECBF}.Debug|x86.Build.0 = Debug|Win32
		{81A1B211-8AB4-4E31-88BE-0F8E7D04ECBF}.Release|x64.ActiveCfg = Release|x64
		{81A1B211-8AB4-4E31-88BE-0F8E7D04ECBF}.Release|x64.Build.0 = Release|x64
		{81A1B211-8AB4-4E31-88BE-0F8E7D04ECBF}.Release|x86.ActiveCfg = Release|Win32
		{81A1B211-8AB4-4E31-88BE-0F8E7D04ECBF}.Release|x86.Build.0 = Release|Win32
		{9EE1D676-50E9-423E-8A4E-9E186A0BD182}.Debug|x64.ActiveCfg = Debug|x64
		{9EE1D676-50E9-423E-8A4E-9E186A0BD182}.Debug|x64.Build.0 = Debug|x64
		{9EE1D676-50E9-423E-8A4E-9E186A0BD182}.Debug|x86.ActiveCfg = Debug|Win32
		{9EE1D676-50E9-423E-8A4E-9E186A0BD182}.Debug|x86.Build.0 = Debug|Win32
		{9EE1D676-50E9-423E-8A4E-9E186A0BD182}.Release|x64.ActiveCfg = Release|x64
		{9EE1D676-50E9-423E-8A4E-9E186A0BD182}.Release|x64.Build.0 = Release|x64
		{9EE1D676-50E9-423E-8A4E-9E186A0BD182}.Release|x86.ActiveCfg = Release|Win32
		{9EE1D676-50E9-423E-8A4E-9E186A0BD182}.Release|x86.Build.0 = Release|Win32
		{3105B038-FA01-4826-8059-06BB687856AD}.Debug|x64.ActiveCfg = Debug|x64
		{3105B038-FA01-4826-8059-06BB687856AD}.Debug|x64.Build.0 = Debug|x64
		{3105B038-FA01-4826-8059-06BB687856AD}.Debug|x86.ActiveCfg = Debug|Win32
		{3105B038-FA01-4826-8059-06BB687856AD}.Debug|x86.Build.0 = Debug|Win32
		{3105B038-FA01-4826-8059-06BB687856AD}.Release|x64.ActiveCfg = Release|x64
		{3105B038-FA01-4826-8059-06BB687856AD}.Release|x64.Build.0 = Release|x64
		{3105B038-FA01-4826-8059-06BB687856AD}.Release|x86.ActiveCfg = Release|Win32
		{3105B038-FA01-4826-8059-06BB687856AD}.Release|x86.Build.0 = Release|Win32
		{A7F4A7A7-B2E7-4E2C-A015-251924D9DCED}.Debug|x64.ActiveCfg = Debug|x64
		{A7F4A7A7-B2E7-4E2C-A015-251924D9DCED}.Debug|x64.Build.0 = Debug|x64
		{A7F4A7A7-B2E7-4E2C-A015-251924D9DCED}.Debug|x86.ActiveCfg = Debug|Win32
		{A7F4A7A7-B2E7-4E2C-A015-251924D9DCED}.Debug|x86.Build.0 = Debug|Win32
		{A7F4A7A7-B2E7-4E2C-A015-251924D9DCED}.Release|x64.ActiveCfg = Release|x64
		{A7F4A7A7-B2E7-4E2C-A015-251924D9DCED}.Release|x64.Build.0 = Release|x64
		{A7F4A7A7-B2E7-4E2C-A015-251924D9DCED}.Release|x86.ActiveCfg = Release|Win32
		{A7F4A7A7-B2E7-4E2C-A015-251924D9DCED}.Release|x86.Build.0 = Release|Win32
		{CB0B7C48-F22C-4E09-A786-0CF50CAEA0B5}.Debug|x64.ActiveCfg = Debug|x64
		{CB0B7C48-F22C-4E09-A786-0CF50CAEA0B5}.Debug|x64.Build.0 = Debug|x64
		{CB0B7C48-F22C-4E09-A786-0CF50CAEA0B5}.Debug|x86.ActiveCfg = Debug|Win32
		{CB0B7C48-F22C-4E09-A786-0CF50CAEA0B5}.Debug|x86.Build.0 = Debug|Win32
		{CB0B7C48-F22C-4E09-A786-0CF50CAEA0B5}.Release|x64.ActiveCfg = Release|x64
		{CB0B7C48-F22C-4E09-A786-0CF50CAEA0B5}.Release|x64.Build.0 = Release|x64
		{CB0B7C48-F22C-4E09-A786-0CF50CAEA0B5}.Release|x86.ActiveCfg = Release|Win32
		{CB0B7C48-F22C-4E09-A786-0CF50CAEA0B5}.Release|x86.Build.0 = Release|Win32
		{2EA4D8F5-400A-44D4-82B2-EB5697B35A6A}.Debug|x64.ActiveCfg = Debug|x64
		{2EA4D8F5-400A-44D4-82B2-EB5697B35A6A}.Debug|x64.Build.0 = Debug|x64
		{2EA4D8F5-400A-44D4-82B2-EB5697B35A6A}.Debug|x86.ActiveCfg = Debug|Win32
		{2EA4D8F5-400A-44D4-82B2-EB5697B35A6A}.Debug|x86.Build.0 = Debug|Win32
		{2EA4D8F5-400A-44D4-82B2-EB5697B35A6A}.Release|x64.ActiveCfg = Release|x64
		{2EA4D8F5-400A-44D4-82B2-EB5697B35A6A}.Release|x64.Build.0 = Release|x64
		{2EA4D8F5-400A-44D4-82B2-EB5697B35A6A}.Release|x86.ActiveCfg = Release|Win32
		{2EA4D8F5-400A-44D4-82B2-EB5697B35A6A}.Release|x86.Build.0 = Release|Win32
		{92D4DDC7-5537-46CE-9B84-D8FE833D142F}.Debug|x64.ActiveCfg = Debug|x64
		{92D4DDC7-5537-46CE-9B84-D8FE833D142F}.Debug|x64.Build.0 = Debug|x64
		{92D4DDC7-5537-46CE-9B84-D8FE833D142F}.Debug|x86.ActiveCfg = Debug|Win32
		{92D4DDC7-5537-46CE-9B84-D8FE833D142F}.Debug|x86.Build.0 = Debug|Win32
		{92D4DDC7-5537-46CE-9B84-D8FE833D142F}.Release|x64.ActiveCfg = Release|x64
		{92D4DDC7-5537-46CE-9B84-D8FE833D142F}.Release|x64.Build.0 = Release|x64
		{92D4DDC7-5537-46CE-9B84-D8FE833D142F}.Release|x86.ActiveCfg = Release|Win32
		{92D4DDC7-5537-46CE-9B84-D8FE833D142F}.Release|x86.Build.0 = Release|Win32
	EndGlobalSection
	GlobalSection(SolutionProperties) = preSolution
		HideSolutionNode = FALSE
	EndGlobalSection
	GlobalSection(ExtensibilityGlobals) = postSolution
		SolutionGuid = {05F32CDD-F2A5-4D62-9059-3089336FC572}
	EndGlobalSection
EndGlobal
