
Microsoft Visual Studio Solution File, Format Version 12.00
# Visual Studio 15
VisualStudioVersion = 15.0.33919.361
MinimumVisualStudioVersion = 10.0.40219.1
Project("{8BC9CEB8-8B4A-11D0-8D11-00A0C91BC942}") = "2023.10.09-Task1", "2023.10.09-Task1\2023.10.09-Task1.vcxproj", "{AE8B810A-1D5E-4877-952A-566687953643}"
EndProject
Project("{8BC9CEB8-8B4A-11D0-8D11-00A0C91BC942}") = "2023.10.09-Task2", "2023.10.09-Task2\2023.10.09-Task2.vcxproj", "{717789FF-53E1-48C1-81B1-3ECC05A71F68}"
EndProject
Project("{8BC9CEB8-8B4A-11D0-8D11-00A0C91BC942}") = "2023.10.09-Task3", "2023.10.09-Task3\2023.10.09-Task3.vcxproj", "{D5FB6B3F-4F84-4F11-8188-EF8666E78693}"
EndProject
Project("{8BC9CEB8-8B4A-11D0-8D11-00A0C91BC942}") = "2023.10.09-Task4", "2023.10.09-Task4\2023.10.09-Task4.vcxproj", "{B8A9020D-7150-4211-B5E0-9B128805B2AA}"
EndProject
Project("{8BC9CEB8-8B4A-11D0-8D11-00A0C91BC942}") = "2023.10.09-Task5", "2023.10.09-Task5\2023.10.09-Task5.vcxproj", "{E67EE0E9-FFA4-48D4-92CC-C7223ECF0F55}"
EndProject
Project("{8BC9CEB8-8B4A-11D0-8D11-00A0C91BC942}") = "2023.10.09-Task6", "2023.10.09-Task6\2023.10.09-Task6.vcxproj", "{440CE665-619F-4482-8015-589FE3149F49}"
EndProject
Project("{8BC9CEB8-8B4A-11D0-8D11-00A0C91BC942}") = "2023.10.09-Task7", "2023.10.09-Task7\2023.10.09-Task7.vcxproj", "{BAF88C11-D478-46A1-BF06-929EA8EC4EF8}"
EndProject
Global
	GlobalSection(SolutionConfigurationPlatforms) = preSolution
		Debug|x64 = Debug|x64
		Debug|x86 = Debug|x86
		Release|x64 = Release|x64
		Release|x86 = Release|x86
	EndGlobalSection
	GlobalSection(ProjectConfigurationPlatforms) = postSolution
		{AE8B810A-1D5E-4877-952A-566687953643}.Debug|x64.ActiveCfg = Debug|x64
		{AE8B810A-1D5E-4877-952A-566687953643}.Debug|x64.Build.0 = Debug|x64
		{AE8B810A-1D5E-4877-952A-566687953643}.Debug|x86.ActiveCfg = Debug|Win32
		{AE8B810A-1D5E-4877-952A-566687953643}.Debug|x86.Build.0 = Debug|Win32
		{AE8B810A-1D5E-4877-952A-566687953643}.Release|x64.ActiveCfg = Release|x64
		{AE8B810A-1D5E-4877-952A-566687953643}.Release|x64.Build.0 = Release|x64
		{AE8B810A-1D5E-4877-952A-566687953643}.Release|x86.ActiveCfg = Release|Win32
		{AE8B810A-1D5E-4877-952A-566687953643}.Release|x86.Build.0 = Release|Win32
		{717789FF-53E1-48C1-81B1-3ECC05A71F68}.Debug|x64.ActiveCfg = Debug|x64
		{717789FF-53E1-48C1-81B1-3ECC05A71F68}.Debug|x64.Build.0 = Debug|x64
		{717789FF-53E1-48C1-81B1-3ECC05A71F68}.Debug|x86.ActiveCfg = Debug|Win32
		{717789FF-53E1-48C1-81B1-3ECC05A71F68}.Debug|x86.Build.0 = Debug|Win32
		{717789FF-53E1-48C1-81B1-3ECC05A71F68}.Release|x64.ActiveCfg = Release|x64
		{717789FF-53E1-48C1-81B1-3ECC05A71F68}.Release|x64.Build.0 = Release|x64
		{717789FF-53E1-48C1-81B1-3ECC05A71F68}.Release|x86.ActiveCfg = Release|Win32
		{717789FF-53E1-48C1-81B1-3ECC05A71F68}.Release|x86.Build.0 = Release|Win32
		{D5FB6B3F-4F84-4F11-8188-EF8666E78693}.Debug|x64.ActiveCfg = Debug|x64
		{D5FB6B3F-4F84-4F11-8188-EF8666E78693}.Debug|x64.Build.0 = Debug|x64
		{D5FB6B3F-4F84-4F11-8188-EF8666E78693}.Debug|x86.ActiveCfg = Debug|Win32
		{D5FB6B3F-4F84-4F11-8188-EF8666E78693}.Debug|x86.Build.0 = Debug|Win32
		{D5FB6B3F-4F84-4F11-8188-EF8666E78693}.Release|x64.ActiveCfg = Release|x64
		{D5FB6B3F-4F84-4F11-8188-EF8666E78693}.Release|x64.Build.0 = Release|x64
		{D5FB6B3F-4F84-4F11-8188-EF8666E78693}.Release|x86.ActiveCfg = Release|Win32
		{D5FB6B3F-4F84-4F11-8188-EF8666E78693}.Release|x86.Build.0 = Release|Win32
		{B8A9020D-7150-4211-B5E0-9B128805B2AA}.Debug|x64.ActiveCfg = Debug|x64
		{B8A9020D-7150-4211-B5E0-9B128805B2AA}.Debug|x64.Build.0 = Debug|x64
		{B8A9020D-7150-4211-B5E0-9B128805B2AA}.Debug|x86.ActiveCfg = Debug|Win32
		{B8A9020D-7150-4211-B5E0-9B128805B2AA}.Debug|x86.Build.0 = Debug|Win32
		{B8A9020D-7150-4211-B5E0-9B128805B2AA}.Release|x64.ActiveCfg = Release|x64
		{B8A9020D-7150-4211-B5E0-9B128805B2AA}.Release|x64.Build.0 = Release|x64
		{B8A9020D-7150-4211-B5E0-9B128805B2AA}.Release|x86.ActiveCfg = Release|Win32
		{B8A9020D-7150-4211-B5E0-9B128805B2AA}.Release|x86.Build.0 = Release|Win32
		{E67EE0E9-FFA4-48D4-92CC-C7223ECF0F55}.Debug|x64.ActiveCfg = Debug|x64
		{E67EE0E9-FFA4-48D4-92CC-C7223ECF0F55}.Debug|x64.Build.0 = Debug|x64
		{E67EE0E9-FFA4-48D4-92CC-C7223ECF0F55}.Debug|x86.ActiveCfg = Debug|Win32
		{E67EE0E9-FFA4-48D4-92CC-C7223ECF0F55}.Debug|x86.Build.0 = Debug|Win32
		{E67EE0E9-FFA4-48D4-92CC-C7223ECF0F55}.Release|x64.ActiveCfg = Release|x64
		{E67EE0E9-FFA4-48D4-92CC-C7223ECF0F55}.Release|x64.Build.0 = Release|x64
		{E67EE0E9-FFA4-48D4-92CC-C7223ECF0F55}.Release|x86.ActiveCfg = Release|Win32
		{E67EE0E9-FFA4-48D4-92CC-C7223ECF0F55}.Release|x86.Build.0 = Release|Win32
		{440CE665-619F-4482-8015-589FE3149F49}.Debug|x64.ActiveCfg = Debug|x64
		{440CE665-619F-4482-8015-589FE3149F49}.Debug|x64.Build.0 = Debug|x64
		{440CE665-619F-4482-8015-589FE3149F49}.Debug|x86.ActiveCfg = Debug|Win32
		{440CE665-619F-4482-8015-589FE3149F49}.Debug|x86.Build.0 = Debug|Win32
		{440CE665-619F-4482-8015-589FE3149F49}.Release|x64.ActiveCfg = Release|x64
		{440CE665-619F-4482-8015-589FE3149F49}.Release|x64.Build.0 = Release|x64
		{440CE665-619F-4482-8015-589FE3149F49}.Release|x86.ActiveCfg = Release|Win32
		{440CE665-619F-4482-8015-589FE3149F49}.Release|x86.Build.0 = Release|Win32
		{BAF88C11-D478-46A1-BF06-929EA8EC4EF8}.Debug|x64.ActiveCfg = Debug|x64
		{BAF88C11-D478-46A1-BF06-929EA8EC4EF8}.Debug|x64.Build.0 = Debug|x64
		{BAF88C11-D478-46A1-BF06-929EA8EC4EF8}.Debug|x86.ActiveCfg = Debug|Win32
		{BAF88C11-D478-46A1-BF06-929EA8EC4EF8}.Debug|x86.Build.0 = Debug|Win32
		{BAF88C11-D478-46A1-BF06-929EA8EC4EF8}.Release|x64.ActiveCfg = Release|x64
		{BAF88C11-D478-46A1-BF06-929EA8EC4EF8}.Release|x64.Build.0 = Release|x64
		{BAF88C11-D478-46A1-BF06-929EA8EC4EF8}.Release|x86.ActiveCfg = Release|Win32
		{BAF88C11-D478-46A1-BF06-929EA8EC4EF8}.Release|x86.Build.0 = Release|Win32
	EndGlobalSection
	GlobalSection(SolutionProperties) = preSolution
		HideSolutionNode = FALSE
	EndGlobalSection
	GlobalSection(ExtensibilityGlobals) = postSolution
		SolutionGuid = {2D4E9FDA-1954-4AC1-86DE-890E52F425BF}
	EndGlobalSection
EndGlobal
