
Microsoft Visual Studio Solution File, Format Version 12.00
# Visual Studio 15
VisualStudioVersion = 15.0.33919.361
MinimumVisualStudioVersion = 10.0.40219.1
Project("{8BC9CEB8-8B4A-11D0-8D11-00A0C91BC942}") = "2023.09.08-Task1", "2023.09.08-Lesson1\2023.09.08-Lesson1.vcxproj", "{470C3546-8749-4906-B751-D67AA599EDAA}"
EndProject
Project("{8BC9CEB8-8B4A-11D0-8D11-00A0C91BC942}") = "2023.09.08-Task2", "2023.09.08-Lesson2-2\2023.09.08-Lesson2-2.vcxproj", "{12777F08-C9C9-4275-B031-D57F34366421}"
EndProject
Project("{8BC9CEB8-8B4A-11D0-8D11-00A0C91BC942}") = "2023.09.08-Task3", "2023.09.08-Lesson3\2023.09.08-Lesson3.vcxproj", "{182D19DE-7363-4026-88AC-19F6FFB61E3F}"
EndProject
Project("{8BC9CEB8-8B4A-11D0-8D11-00A0C91BC942}") = "2023.09.08-Task4", "2023.09.08-Lesson4\2023.09.08-Lesson4.vcxproj", "{36FF968D-D176-4307-871A-957627D83DC5}"
EndProject
Project("{8BC9CEB8-8B4A-11D0-8D11-00A0C91BC942}") = "2023.09.08-Task5", "2023.09.08-Lesson5\2023.09.08-Lesson5.vcxproj", "{0E9D0612-EC8D-498E-BB45-E728D307A6EF}"
EndProject
Project("{8BC9CEB8-8B4A-11D0-8D11-00A0C91BC942}") = "2023.09.08-Task7", "2023.09.08-Lesson8\2023.09.08-Lesson8.vcxproj", "{B0A3E6A0-B0D1-4054-A11D-2AE326008888}"
EndProject
Project("{8BC9CEB8-8B4A-11D0-8D11-00A0C91BC942}") = "2023.09.14-Task6", "2023.09.14-Task6\2023.09.14-Task6.vcxproj", "{33416371-8B68-485D-A5DD-A7AD7BBC6712}"
EndProject
Global
	GlobalSection(SolutionConfigurationPlatforms) = preSolution
		Debug|x64 = Debug|x64
		Debug|x86 = Debug|x86
		Release|x64 = Release|x64
		Release|x86 = Release|x86
	EndGlobalSection
	GlobalSection(ProjectConfigurationPlatforms) = postSolution
		{470C3546-8749-4906-B751-D67AA599EDAA}.Debug|x64.ActiveCfg = Debug|x64
		{470C3546-8749-4906-B751-D67AA599EDAA}.Debug|x64.Build.0 = Debug|x64
		{470C3546-8749-4906-B751-D67AA599EDAA}.Debug|x86.ActiveCfg = Debug|Win32
		{470C3546-8749-4906-B751-D67AA599EDAA}.Debug|x86.Build.0 = Debug|Win32
		{470C3546-8749-4906-B751-D67AA599EDAA}.Release|x64.ActiveCfg = Release|x64
		{470C3546-8749-4906-B751-D67AA599EDAA}.Release|x64.Build.0 = Release|x64
		{470C3546-8749-4906-B751-D67AA599EDAA}.Release|x86.ActiveCfg = Release|Win32
		{470C3546-8749-4906-B751-D67AA599EDAA}.Release|x86.Build.0 = Release|Win32
		{12777F08-C9C9-4275-B031-D57F34366421}.Debug|x64.ActiveCfg = Debug|x64
		{12777F08-C9C9-4275-B031-D57F34366421}.Debug|x64.Build.0 = Debug|x64
		{12777F08-C9C9-4275-B031-D57F34366421}.Debug|x86.ActiveCfg = Debug|Win32
		{12777F08-C9C9-4275-B031-D57F34366421}.Debug|x86.Build.0 = Debug|Win32
		{12777F08-C9C9-4275-B031-D57F34366421}.Release|x64.ActiveCfg = Release|x64
		{12777F08-C9C9-4275-B031-D57F34366421}.Release|x64.Build.0 = Release|x64
		{12777F08-C9C9-4275-B031-D57F34366421}.Release|x86.ActiveCfg = Release|Win32
		{12777F08-C9C9-4275-B031-D57F34366421}.Release|x86.Build.0 = Release|Win32
		{182D19DE-7363-4026-88AC-19F6FFB61E3F}.Debug|x64.ActiveCfg = Debug|x64
		{182D19DE-7363-4026-88AC-19F6FFB61E3F}.Debug|x64.Build.0 = Debug|x64
		{182D19DE-7363-4026-88AC-19F6FFB61E3F}.Debug|x86.ActiveCfg = Debug|Win32
		{182D19DE-7363-4026-88AC-19F6FFB61E3F}.Debug|x86.Build.0 = Debug|Win32
		{182D19DE-7363-4026-88AC-19F6FFB61E3F}.Release|x64.ActiveCfg = Release|x64
		{182D19DE-7363-4026-88AC-19F6FFB61E3F}.Release|x64.Build.0 = Release|x64
		{182D19DE-7363-4026-88AC-19F6FFB61E3F}.Release|x86.ActiveCfg = Release|Win32
		{182D19DE-7363-4026-88AC-19F6FFB61E3F}.Release|x86.Build.0 = Release|Win32
		{36FF968D-D176-4307-871A-957627D83DC5}.Debug|x64.ActiveCfg = Debug|x64
		{36FF968D-D176-4307-871A-957627D83DC5}.Debug|x64.Build.0 = Debug|x64
		{36FF968D-D176-4307-871A-957627D83DC5}.Debug|x86.ActiveCfg = Debug|Win32
		{36FF968D-D176-4307-871A-957627D83DC5}.Debug|x86.Build.0 = Debug|Win32
		{36FF968D-D176-4307-871A-957627D83DC5}.Release|x64.ActiveCfg = Release|x64
		{36FF968D-D176-4307-871A-957627D83DC5}.Release|x64.Build.0 = Release|x64
		{36FF968D-D176-4307-871A-957627D83DC5}.Release|x86.ActiveCfg = Release|Win32
		{36FF968D-D176-4307-871A-957627D83DC5}.Release|x86.Build.0 = Release|Win32
		{0E9D0612-EC8D-498E-BB45-E728D307A6EF}.Debug|x64.ActiveCfg = Debug|x64
		{0E9D0612-EC8D-498E-BB45-E728D307A6EF}.Debug|x64.Build.0 = Debug|x64
		{0E9D0612-EC8D-498E-BB45-E728D307A6EF}.Debug|x86.ActiveCfg = Debug|Win32
		{0E9D0612-EC8D-498E-BB45-E728D307A6EF}.Debug|x86.Build.0 = Debug|Win32
		{0E9D0612-EC8D-498E-BB45-E728D307A6EF}.Release|x64.ActiveCfg = Release|x64
		{0E9D0612-EC8D-498E-BB45-E728D307A6EF}.Release|x64.Build.0 = Release|x64
		{0E9D0612-EC8D-498E-BB45-E728D307A6EF}.Release|x86.ActiveCfg = Release|Win32
		{0E9D0612-EC8D-498E-BB45-E728D307A6EF}.Release|x86.Build.0 = Release|Win32
		{B0A3E6A0-B0D1-4054-A11D-2AE326008888}.Debug|x64.ActiveCfg = Debug|x64
		{B0A3E6A0-B0D1-4054-A11D-2AE326008888}.Debug|x64.Build.0 = Debug|x64
		{B0A3E6A0-B0D1-4054-A11D-2AE326008888}.Debug|x86.ActiveCfg = Debug|Win32
		{B0A3E6A0-B0D1-4054-A11D-2AE326008888}.Debug|x86.Build.0 = Debug|Win32
		{B0A3E6A0-B0D1-4054-A11D-2AE326008888}.Release|x64.ActiveCfg = Release|x64
		{B0A3E6A0-B0D1-4054-A11D-2AE326008888}.Release|x64.Build.0 = Release|x64
		{B0A3E6A0-B0D1-4054-A11D-2AE326008888}.Release|x86.ActiveCfg = Release|Win32
		{B0A3E6A0-B0D1-4054-A11D-2AE326008888}.Release|x86.Build.0 = Release|Win32
		{33416371-8B68-485D-A5DD-A7AD7BBC6712}.Debug|x64.ActiveCfg = Debug|x64
		{33416371-8B68-485D-A5DD-A7AD7BBC6712}.Debug|x64.Build.0 = Debug|x64
		{33416371-8B68-485D-A5DD-A7AD7BBC6712}.Debug|x86.ActiveCfg = Debug|Win32
		{33416371-8B68-485D-A5DD-A7AD7BBC6712}.Debug|x86.Build.0 = Debug|Win32
		{33416371-8B68-485D-A5DD-A7AD7BBC6712}.Release|x64.ActiveCfg = Release|x64
		{33416371-8B68-485D-A5DD-A7AD7BBC6712}.Release|x64.Build.0 = Release|x64
		{33416371-8B68-485D-A5DD-A7AD7BBC6712}.Release|x86.ActiveCfg = Release|Win32
		{33416371-8B68-485D-A5DD-A7AD7BBC6712}.Release|x86.Build.0 = Release|Win32
	EndGlobalSection
	GlobalSection(SolutionProperties) = preSolution
		HideSolutionNode = FALSE
	EndGlobalSection
	GlobalSection(ExtensibilityGlobals) = postSolution
		SolutionGuid = {6737C217-480D-4C13-AF21-69C2BBD07F9E}
	EndGlobalSection
EndGlobal
